
Microsoft Visual Studio Solution File, Format Version 12.00
# Visual Studio 15
VisualStudioVersion = 15.0.26124.0
MinimumVisualStudioVersion = 15.0.26124.0
Project("{2150E333-8FDC-42A3-9474-1A3956D46DE8}") = "src", "src", "{EA577B8A-F880-4670-B046-A370D359DDE4}"
EndProject
Project("{FAE04EC0-301F-11D3-BF4B-00C04F79EFBC}") = "gradebook", "src\gradebook\gradebook.csproj", "{55387723-1BC4-49F5-867C-2D27EA014BE3}"
EndProject
Project("{2150E333-8FDC-42A3-9474-1A3956D46DE8}") = "test", "test", "{798A67D9-6A1A-425C-9C78-AE5C5811E3D0}"
EndProject
Project("{FAE04EC0-301F-11D3-BF4B-00C04F79EFBC}") = "gradebook.tests", "test\gradebook.tests\gradebook.tests.csproj", "{0CB41BDC-512C-4828-B262-207822B3F4A2}"
EndProject
Global
	GlobalSection(SolutionConfigurationPlatforms) = preSolution
		Debug|Any CPU = Debug|Any CPU
		Debug|x64 = Debug|x64
		Debug|x86 = Debug|x86
		Release|Any CPU = Release|Any CPU
		Release|x64 = Release|x64
		Release|x86 = Release|x86
	EndGlobalSection
	GlobalSection(SolutionProperties) = preSolution
		HideSolutionNode = FALSE
	EndGlobalSection
	GlobalSection(ProjectConfigurationPlatforms) = postSolution
		{55387723-1BC4-49F5-867C-2D27EA014BE3}.Debug|Any CPU.ActiveCfg = Debug|Any CPU
		{55387723-1BC4-49F5-867C-2D27EA014BE3}.Debug|Any CPU.Build.0 = Debug|Any CPU
		{55387723-1BC4-49F5-867C-2D27EA014BE3}.Debug|x64.ActiveCfg = Debug|Any CPU
		{55387723-1BC4-49F5-867C-2D27EA014BE3}.Debug|x64.Build.0 = Debug|Any CPU
		{55387723-1BC4-49F5-867C-2D27EA014BE3}.Debug|x86.ActiveCfg = Debug|Any CPU
		{55387723-1BC4-49F5-867C-2D27EA014BE3}.Debug|x86.Build.0 = Debug|Any CPU
		{55387723-1BC4-49F5-867C-2D27EA014BE3}.Release|Any CPU.ActiveCfg = Release|Any CPU
		{55387723-1BC4-49F5-867C-2D27EA014BE3}.Release|Any CPU.Build.0 = Release|Any CPU
		{55387723-1BC4-49F5-867C-2D27EA014BE3}.Release|x64.ActiveCfg = Release|Any CPU
		{55387723-1BC4-49F5-867C-2D27EA014BE3}.Release|x64.Build.0 = Release|Any CPU
		{55387723-1BC4-49F5-867C-2D27EA014BE3}.Release|x86.ActiveCfg = Release|Any CPU
		{55387723-1BC4-49F5-867C-2D27EA014BE3}.Release|x86.Build.0 = Release|Any CPU
		{0CB41BDC-512C-4828-B262-207822B3F4A2}.Debug|Any CPU.ActiveCfg = Debug|Any CPU
		{0CB41BDC-512C-4828-B262-207822B3F4A2}.Debug|Any CPU.Build.0 = Debug|Any CPU
		{0CB41BDC-512C-4828-B262-207822B3F4A2}.Debug|x64.ActiveCfg = Debug|Any CPU
		{0CB41BDC-512C-4828-B262-207822B3F4A2}.Debug|x64.Build.0 = Debug|Any CPU
		{0CB41BDC-512C-4828-B262-207822B3F4A2}.Debug|x86.ActiveCfg = Debug|Any CPU
		{0CB41BDC-512C-4828-B262-207822B3F4A2}.Debug|x86.Build.0 = Debug|Any CPU
		{0CB41BDC-512C-4828-B262-207822B3F4A2}.Release|Any CPU.ActiveCfg = Release|Any CPU
		{0CB41BDC-512C-4828-B262-207822B3F4A2}.Release|Any CPU.Build.0 = Release|Any CPU
		{0CB41BDC-512C-4828-B262-207822B3F4A2}.Release|x64.ActiveCfg = Release|Any CPU
		{0CB41BDC-512C-4828-B262-207822B3F4A2}.Release|x64.Build.0 = Release|Any CPU
		{0CB41BDC-512C-4828-B262-207822B3F4A2}.Release|x86.ActiveCfg = Release|Any CPU
		{0CB41BDC-512C-4828-B262-207822B3F4A2}.Release|x86.Build.0 = Release|Any CPU
	EndGlobalSection
	GlobalSection(NestedProjects) = preSolution
		{55387723-1BC4-49F5-867C-2D27EA014BE3} = {EA577B8A-F880-4670-B046-A370D359DDE4}
		{0CB41BDC-512C-4828-B262-207822B3F4A2} = {798A67D9-6A1A-425C-9C78-AE5C5811E3D0}
	EndGlobalSection
EndGlobal
